
Microsoft Visual Studio Solution File, Format Version 12.00
# Visual Studio Version 17
VisualStudioVersion = 17.14.36310.24
MinimumVisualStudioVersion = 10.0.40219.1
Project("{FAE04EC0-301F-11D3-BF4B-00C04F79EFBC}") = "Database", "Database\Database.csproj", "{0C82F56D-A421-46F0-9A61-9C27C5862B46}"
EndProject
Project("{FAE04EC0-301F-11D3-BF4B-00C04F79EFBC}") = "Business", "Business\Business.csproj", "{6A5EC7D3-1180-4C55-96F7-357AB70BD40A}"
EndProject
Project("{2150E333-8FDC-42A3-9474-1A3956D46DE8}") = "Presentation", "Presentation", "{02EA681E-C7D8-13C7-8484-4AC65E1B71E8}"
EndProject
Project("{FAE04EC0-301F-11D3-BF4B-00C04F79EFBC}") = "Web", "Web\Web.csproj", "{792C6DCC-97A9-4AA2-A8C1-3D4B31DBC98A}"
EndProject
Project("{FAE04EC0-301F-11D3-BF4B-00C04F79EFBC}") = "Desktop", "Desktop\Desktop.csproj", "{4D943373-ABA5-4813-8288-FB371EBA6153}"
EndProject
Project("{2150E333-8FDC-42A3-9474-1A3956D46DE8}") = "Test", "Test", "{86B949F0-B5F0-4B49-8030-88ABA4D8BF91}"
EndProject
Project("{FAE04EC0-301F-11D3-BF4B-00C04F79EFBC}") = "DBTest", "DBTest\DBTest.csproj", "{A3FF1847-F743-48B5-9EF3-EEE74DF20907}"
EndProject
Global
	GlobalSection(SolutionConfigurationPlatforms) = preSolution
		Debug|Any CPU = Debug|Any CPU
		Release|Any CPU = Release|Any CPU
	EndGlobalSection
	GlobalSection(ProjectConfigurationPlatforms) = postSolution
		{0C82F56D-A421-46F0-9A61-9C27C5862B46}.Debug|Any CPU.ActiveCfg = Debug|Any CPU
		{0C82F56D-A421-46F0-9A61-9C27C5862B46}.Debug|Any CPU.Build.0 = Debug|Any CPU
		{0C82F56D-A421-46F0-9A61-9C27C5862B46}.Release|Any CPU.ActiveCfg = Release|Any CPU
		{0C82F56D-A421-46F0-9A61-9C27C5862B46}.Release|Any CPU.Build.0 = Release|Any CPU
		{6A5EC7D3-1180-4C55-96F7-357AB70BD40A}.Debug|Any CPU.ActiveCfg = Debug|Any CPU
		{6A5EC7D3-1180-4C55-96F7-357AB70BD40A}.Debug|Any CPU.Build.0 = Debug|Any CPU
		{6A5EC7D3-1180-4C55-96F7-357AB70BD40A}.Release|Any CPU.ActiveCfg = Release|Any CPU
		{6A5EC7D3-1180-4C55-96F7-357AB70BD40A}.Release|Any CPU.Build.0 = Release|Any CPU
		{792C6DCC-97A9-4AA2-A8C1-3D4B31DBC98A}.Debug|Any CPU.ActiveCfg = Debug|Any CPU
		{792C6DCC-97A9-4AA2-A8C1-3D4B31DBC98A}.Debug|Any CPU.Build.0 = Debug|Any CPU
		{792C6DCC-97A9-4AA2-A8C1-3D4B31DBC98A}.Release|Any CPU.ActiveCfg = Release|Any CPU
		{792C6DCC-97A9-4AA2-A8C1-3D4B31DBC98A}.Release|Any CPU.Build.0 = Release|Any CPU
		{4D943373-ABA5-4813-8288-FB371EBA6153}.Debug|Any CPU.ActiveCfg = Debug|Any CPU
		{4D943373-ABA5-4813-8288-FB371EBA6153}.Debug|Any CPU.Build.0 = Debug|Any CPU
		{4D943373-ABA5-4813-8288-FB371EBA6153}.Release|Any CPU.ActiveCfg = Release|Any CPU
		{4D943373-ABA5-4813-8288-FB371EBA6153}.Release|Any CPU.Build.0 = Release|Any CPU
		{A3FF1847-F743-48B5-9EF3-EEE74DF20907}.Debug|Any CPU.ActiveCfg = Debug|Any CPU
		{A3FF1847-F743-48B5-9EF3-EEE74DF20907}.Debug|Any CPU.Build.0 = Debug|Any CPU
		{A3FF1847-F743-48B5-9EF3-EEE74DF20907}.Release|Any CPU.ActiveCfg = Release|Any CPU
		{A3FF1847-F743-48B5-9EF3-EEE74DF20907}.Release|Any CPU.Build.0 = Release|Any CPU
	EndGlobalSection
	GlobalSection(SolutionProperties) = preSolution
		HideSolutionNode = FALSE
	EndGlobalSection
	GlobalSection(NestedProjects) = preSolution
		{792C6DCC-97A9-4AA2-A8C1-3D4B31DBC98A} = {02EA681E-C7D8-13C7-8484-4AC65E1B71E8}
		{4D943373-ABA5-4813-8288-FB371EBA6153} = {02EA681E-C7D8-13C7-8484-4AC65E1B71E8}
		{A3FF1847-F743-48B5-9EF3-EEE74DF20907} = {86B949F0-B5F0-4B49-8030-88ABA4D8BF91}
	EndGlobalSection
	GlobalSection(ExtensibilityGlobals) = postSolution
		SolutionGuid = {9B3D64D0-4185-4478-98C5-920479F50A10}
	EndGlobalSection
EndGlobal
